// !$*UTF8*$!
{
	archiveVersion = 1;
	classes = {
	};
	objectVersion = 55;
	objects = {

/* Begin PBXBuildFile section */
		AD4ED013270B901E00B29009 /* TaskAppCoreDataApp.swift in Sources */ = {isa = PBXBuildFile; fileRef = AD4ED012270B901E00B29009 /* TaskAppCoreDataApp.swift */; };
		AD4ED015270B901E00B29009 /* ContentView.swift in Sources */ = {isa = PBXBuildFile; fileRef = AD4ED014270B901E00B29009 /* ContentView.swift */; };
		AD4ED017270B902200B29009 /* Assets.xcassets in Resources */ = {isa = PBXBuildFile; fileRef = AD4ED016270B902200B29009 /* Assets.xcassets */; };
		AD4ED01A270B902300B29009 /* Preview Assets.xcassets in Resources */ = {isa = PBXBuildFile; fileRef = AD4ED019270B902300B29009 /* Preview Assets.xcassets */; };
		AD4ED01C270B902300B29009 /* Persistence.swift in Sources */ = {isa = PBXBuildFile; fileRef = AD4ED01B270B902300B29009 /* Persistence.swift */; };
		AD4ED01F270B902300B29009 /* TaskAppCoreData.xcdatamodeld in Sources */ = {isa = PBXBuildFile; fileRef = AD4ED01D270B902300B29009 /* TaskAppCoreData.xcdatamodeld */; };
		AD4ED028270BEDC000B29009 /* Home.swift in Sources */ = {isa = PBXBuildFile; fileRef = AD4ED027270BEDC000B29009 /* Home.swift */; };
		AD4ED02A270BEDEB00B29009 /* HomeViewModel.swift in Sources */ = {isa = PBXBuildFile; fileRef = AD4ED029270BEDEB00B29009 /* HomeViewModel.swift */; };
		AD4ED02C270BEF4600B29009 /* NewDataView.swift in Sources */ = {isa = PBXBuildFile; fileRef = AD4ED02B270BEF4600B29009 /* NewDataView.swift */; };
		AD4ED030270BF26600B29009 /* DateButton.swift in Sources */ = {isa = PBXBuildFile; fileRef = AD4ED02F270BF26600B29009 /* DateButton.swift */; };
/* End PBXBuildFile section */

/* Begin PBXFileReference section */
		AD4ED00F270B901E00B29009 /* TaskAppCoreData.app */ = {isa = PBXFileReference; explicitFileType = wrapper.application; includeInIndex = 0; path = TaskAppCoreData.app; sourceTree = BUILT_PRODUCTS_DIR; };
		AD4ED012270B901E00B29009 /* TaskAppCoreDataApp.swift */ = {isa = PBXFileReference; lastKnownFileType = sourcecode.swift; path = TaskAppCoreDataApp.swift; sourceTree = "<group>"; };
		AD4ED014270B901E00B29009 /* ContentView.swift */ = {isa = PBXFileReference; lastKnownFileType = sourcecode.swift; path = ContentView.swift; sourceTree = "<group>"; };
		AD4ED016270B902200B29009 /* Assets.xcassets */ = {isa = PBXFileReference; lastKnownFileType = folder.assetcatalog; path = Assets.xcassets; sourceTree = "<group>"; };
		AD4ED019270B902300B29009 /* Preview Assets.xcassets */ = {isa = PBXFileReference; lastKnownFileType = folder.assetcatalog; path = "Preview Assets.xcassets"; sourceTree = "<group>"; };
		AD4ED01B270B902300B29009 /* Persistence.swift */ = {isa = PBXFileReference; lastKnownFileType = sourcecode.swift; path = Persistence.swift; sourceTree = "<group>"; };
		AD4ED01E270B902300B29009 /* TaskAppCoreData.xcdatamodel */ = {isa = PBXFileReference; lastKnownFileType = wrapper.xcdatamodel; path = TaskAppCoreData.xcdatamodel; sourceTree = "<group>"; };
		AD4ED027270BEDC000B29009 /* Home.swift */ = {isa = PBXFileReference; lastKnownFileType = sourcecode.swift; path = Home.swift; sourceTree = "<group>"; };
		AD4ED029270BEDEB00B29009 /* HomeViewModel.swift */ = {isa = PBXFileReference; lastKnownFileType = sourcecode.swift; path = HomeViewModel.swift; sourceTree = "<group>"; };
		AD4ED02B270BEF4600B29009 /* NewDataView.swift */ = {isa = PBXFileReference; lastKnownFileType = sourcecode.swift; path = NewDataView.swift; sourceTree = "<group>"; };
		AD4ED02F270BF26600B29009 /* DateButton.swift */ = {isa = PBXFileReference; lastKnownFileType = sourcecode.swift; path = DateButton.swift; sourceTree = "<group>"; };
/* End PBXFileReference section */

/* Begin PBXFrameworksBuildPhase section */
		AD4ED00C270B901E00B29009 /* Frameworks */ = {
			isa = PBXFrameworksBuildPhase;
			buildActionMask = 2147483647;
			files = (
			);
			runOnlyForDeploymentPostprocessing = 0;
		};
/* End PBXFrameworksBuildPhase section */

/* Begin PBXGroup section */
		AD4ED006270B901E00B29009 = {
			isa = PBXGroup;
			children = (
				AD4ED011270B901E00B29009 /* TaskAppCoreData */,
				AD4ED010270B901E00B29009 /* Products */,
			);
			sourceTree = "<group>";
		};
		AD4ED010270B901E00B29009 /* Products */ = {
			isa = PBXGroup;
			children = (
				AD4ED00F270B901E00B29009 /* TaskAppCoreData.app */,
			);
			name = Products;
			sourceTree = "<group>";
		};
		AD4ED011270B901E00B29009 /* TaskAppCoreData */ = {
			isa = PBXGroup;
			children = (
				AD4ED026270BEDAF00B29009 /* ViewModel */,
				AD4ED025270BEDA900B29009 /* Views */,
				AD4ED012270B901E00B29009 /* TaskAppCoreDataApp.swift */,
				AD4ED016270B902200B29009 /* Assets.xcassets */,
				AD4ED01B270B902300B29009 /* Persistence.swift */,
				AD4ED01D270B902300B29009 /* TaskAppCoreData.xcdatamodeld */,
				AD4ED018270B902300B29009 /* Preview Content */,
			);
			path = TaskAppCoreData;
			sourceTree = "<group>";
		};
		AD4ED018270B902300B29009 /* Preview Content */ = {
			isa = PBXGroup;
			children = (
				AD4ED019270B902300B29009 /* Preview Assets.xcassets */,
			);
			path = "Preview Content";
			sourceTree = "<group>";
		};
		AD4ED025270BEDA900B29009 /* Views */ = {
			isa = PBXGroup;
			children = (
				AD4ED014270B901E00B29009 /* ContentView.swift */,
				AD4ED02E270BF23000B29009 /* Helpers */,
				AD4ED02D270BF22800B29009 /* TaskApp */,
			);
			path = Views;
			sourceTree = "<group>";
		};
		AD4ED026270BEDAF00B29009 /* ViewModel */ = {
			isa = PBXGroup;
			children = (
				AD4ED029270BEDEB00B29009 /* HomeViewModel.swift */,
			);
			path = ViewModel;
			sourceTree = "<group>";
		};
		AD4ED02D270BF22800B29009 /* TaskApp */ = {
			isa = PBXGroup;
			children = (
				AD4ED027270BEDC000B29009 /* Home.swift */,
				AD4ED02B270BEF4600B29009 /* NewDataView.swift */,
			);
			path = TaskApp;
			sourceTree = "<group>";
		};
		AD4ED02E270BF23000B29009 /* Helpers */ = {
			isa = PBXGroup;
			children = (
				AD4ED02F270BF26600B29009 /* DateButton.swift */,
			);
			path = Helpers;
			sourceTree = "<group>";
		};
/* End PBXGroup section */

/* Begin PBXNativeTarget section */
		AD4ED00E270B901E00B29009 /* TaskAppCoreData */ = {
			isa = PBXNativeTarget;
			buildConfigurationList = AD4ED022270B902300B29009 /* Build configuration list for PBXNativeTarget "TaskAppCoreData" */;
			buildPhases = (
				AD4ED00B270B901E00B29009 /* Sources */,
				AD4ED00C270B901E00B29009 /* Frameworks */,
				AD4ED00D270B901E00B29009 /* Resources */,
			);
			buildRules = (
			);
			dependencies = (
			);
			name = TaskAppCoreData;
			productName = TaskAppCoreData;
			productReference = AD4ED00F270B901E00B29009 /* TaskAppCoreData.app */;
			productType = "com.apple.product-type.application";
		};
/* End PBXNativeTarget section */

/* Begin PBXProject section */
		AD4ED007270B901E00B29009 /* Project object */ = {
			isa = PBXProject;
			attributes = {
				BuildIndependentTargetsInParallel = 1;
				LastSwiftUpdateCheck = 1300;
				LastUpgradeCheck = 1300;
				TargetAttributes = {
					AD4ED00E270B901E00B29009 = {
						CreatedOnToolsVersion = 13.0;
					};
				};
			};
			buildConfigurationList = AD4ED00A270B901E00B29009 /* Build configuration list for PBXProject "TaskAppCoreData" */;
			compatibilityVersion = "Xcode 13.0";
			developmentRegion = en;
			hasScannedForEncodings = 0;
			knownRegions = (
				en,
				Base,
			);
			mainGroup = AD4ED006270B901E00B29009;
			productRefGroup = AD4ED010270B901E00B29009 /* Products */;
			projectDirPath = "";
			projectRoot = "";
			targets = (
				AD4ED00E270B901E00B29009 /* TaskAppCoreData */,
			);
		};
/* End PBXProject section */

/* Begin PBXResourcesBuildPhase section */
		AD4ED00D270B901E00B29009 /* Resources */ = {
			isa = PBXResourcesBuildPhase;
			buildActionMask = 2147483647;
			files = (
				AD4ED01A270B902300B29009 /* Preview Assets.xcassets in Resources */,
				AD4ED017270B902200B29009 /* Assets.xcassets in Resources */,
			);
			runOnlyForDeploymentPostprocessing = 0;
		};
/* End PBXResourcesBuildPhase section */

/* Begin PBXSourcesBuildPhase section */
		AD4ED00B270B901E00B29009 /* Sources */ = {
			isa = PBXSourcesBuildPhase;
			buildActionMask = 2147483647;
			files = (
				AD4ED01C270B902300B29009 /* Persistence.swift in Sources */,
				AD4ED02A270BEDEB00B29009 /* HomeViewModel.swift in Sources */,
				AD4ED015270B901E00B29009 /* ContentView.swift in Sources */,
				AD4ED028270BEDC000B29009 /* Home.swift in Sources */,
				AD4ED013270B901E00B29009 /* TaskAppCoreDataApp.swift in Sources */,
				AD4ED030270BF26600B29009 /* DateButton.swift in Sources */,
				AD4ED01F270B902300B29009 /* TaskAppCoreData.xcdatamodeld in Sources */,
				AD4ED02C270BEF4600B29009 /* NewDataView.swift in Sources */,
			);
			runOnlyForDeploymentPostprocessing = 0;
		};
/* End PBXSourcesBuildPhase section */

/* Begin XCBuildConfiguration section */
		AD4ED020270B902300B29009 /* Debug */ = {
			isa = XCBuildConfiguration;
			buildSettings = {
				ALWAYS_SEARCH_USER_PATHS = NO;
				CLANG_ANALYZER_NONNULL = YES;
				CLANG_ANALYZER_NUMBER_OBJECT_CONVERSION = YES_AGGRESSIVE;
				CLANG_CXX_LANGUAGE_STANDARD = "gnu++17";
				CLANG_CXX_LIBRARY = "libc++";
				CLANG_ENABLE_MODULES = YES;
				CLANG_ENABLE_OBJC_ARC = YES;
				CLANG_ENABLE_OBJC_WEAK = YES;
				CLANG_WARN_BLOCK_CAPTURE_AUTORELEASING = YES;
				CLANG_WARN_BOOL_CONVERSION = YES;
				CLANG_WARN_COMMA = YES;
				CLANG_WARN_CONSTANT_CONVERSION = YES;
				CLANG_WARN_DEPRECATED_OBJC_IMPLEMENTATIONS = YES;
				CLANG_WARN_DIRECT_OBJC_ISA_USAGE = YES_ERROR;
				CLANG_WARN_DOCUMENTATION_COMMENTS = YES;
				CLANG_WARN_EMPTY_BODY = YES;
				CLANG_WARN_ENUM_CONVERSION = YES;
				CLANG_WARN_INFINITE_RECURSION = YES;
				CLANG_WARN_INT_CONVERSION = YES;
				CLANG_WARN_NON_LITERAL_NULL_CONVERSION = YES;
				CLANG_WARN_OBJC_IMPLICIT_RETAIN_SELF = YES;
				CLANG_WARN_OBJC_LITERAL_CONVERSION = YES;
				CLANG_WARN_OBJC_ROOT_CLASS = YES_ERROR;
				CLANG_WARN_QUOTED_INCLUDE_IN_FRAMEWORK_HEADER = YES;
				CLANG_WARN_RANGE_LOOP_ANALYSIS = YES;
				CLANG_WARN_STRICT_PROTOTYPES = YES;
				CLANG_WARN_SUSPICIOUS_MOVE = YES;
				CLANG_WARN_UNGUARDED_AVAILABILITY = YES_AGGRESSIVE;
				CLANG_WARN_UNREACHABLE_CODE = YES;
				CLANG_WARN__DUPLICATE_METHOD_MATCH = YES;
				COPY_PHASE_STRIP = NO;
				DEBUG_INFORMATION_FORMAT = dwarf;
				ENABLE_STRICT_OBJC_MSGSEND = YES;
				ENABLE_TESTABILITY = YES;
				GCC_C_LANGUAGE_STANDARD = gnu11;
				GCC_DYNAMIC_NO_PIC = NO;
				GCC_NO_COMMON_BLOCKS = YES;
				GCC_OPTIMIZATION_LEVEL = 0;
				GCC_PREPROCESSOR_DEFINITIONS = (
					"DEBUG=1",
					"$(inherited)",
				);
				GCC_WARN_64_TO_32_BIT_CONVERSION = YES;
				GCC_WARN_ABOUT_RETURN_TYPE = YES_ERROR;
				GCC_WARN_UNDECLARED_SELECTOR = YES;
				GCC_WARN_UNINITIALIZED_AUTOS = YES_AGGRESSIVE;
				GCC_WARN_UNUSED_FUNCTION = YES;
				GCC_WARN_UNUSED_VARIABLE = YES;
				IPHONEOS_DEPLOYMENT_TARGET = 15.0;
				MTL_ENABLE_DEBUG_INFO = INCLUDE_SOURCE;
				MTL_FAST_MATH = YES;
				ONLY_ACTIVE_ARCH = YES;
				SDKROOT = iphoneos;
				SWIFT_ACTIVE_COMPILATION_CONDITIONS = DEBUG;
				SWIFT_OPTIMIZATION_LEVEL = "-Onone";
			};
			name = Debug;
		};
		AD4ED021270B902300B29009 /* Release */ = {
			isa = XCBuildConfiguration;
			buildSettings = {
				ALWAYS_SEARCH_USER_PATHS = NO;
				CLANG_ANALYZER_NONNULL = YES;
				CLANG_ANALYZER_NUMBER_OBJECT_CONVERSION = YES_AGGRESSIVE;
				CLANG_CXX_LANGUAGE_STANDARD = "gnu++17";
				CLANG_CXX_LIBRARY = "libc++";
				CLANG_ENABLE_MODULES = YES;
				CLANG_ENABLE_OBJC_ARC = YES;
				CLANG_ENABLE_OBJC_WEAK = YES;
				CLANG_WARN_BLOCK_CAPTURE_AUTORELEASING = YES;
				CLANG_WARN_BOOL_CONVERSION = YES;
				CLANG_WARN_COMMA = YES;
				CLANG_WARN_CONSTANT_CONVERSION = YES;
				CLANG_WARN_DEPRECATED_OBJC_IMPLEMENTATIONS = YES;
				CLANG_WARN_DIRECT_OBJC_ISA_USAGE = YES_ERROR;
				CLANG_WARN_DOCUMENTATION_COMMENTS = YES;
				CLANG_WARN_EMPTY_BODY = YES;
				CLANG_WARN_ENUM_CONVERSION = YES;
				CLANG_WARN_INFINITE_RECURSION = YES;
				CLANG_WARN_INT_CONVERSION = YES;
				CLANG_WARN_NON_LITERAL_NULL_CONVERSION = YES;
				CLANG_WARN_OBJC_IMPLICIT_RETAIN_SELF = YES;
				CLANG_WARN_OBJC_LITERAL_CONVERSION = YES;
				CLANG_WARN_OBJC_ROOT_CLASS = YES_ERROR;
				CLANG_WARN_QUOTED_INCLUDE_IN_FRAMEWORK_HEADER = YES;
				CLANG_WARN_RANGE_LOOP_ANALYSIS = YES;
				CLANG_WARN_STRICT_PROTOTYPES = YES;
				CLANG_WARN_SUSPICIOUS_MOVE = YES;
				CLANG_WARN_UNGUARDED_AVAILABILITY = YES_AGGRESSIVE;
				CLANG_WARN_UNREACHABLE_CODE = YES;
				CLANG_WARN__DUPLICATE_METHOD_MATCH = YES;
				COPY_PHASE_STRIP = NO;
				DEBUG_INFORMATION_FORMAT = "dwarf-with-dsym";
				ENABLE_NS_ASSERTIONS = NO;
				ENABLE_STRICT_OBJC_MSGSEND = YES;
				GCC_C_LANGUAGE_STANDARD = gnu11;
				GCC_NO_COMMON_BLOCKS = YES;
				GCC_WARN_64_TO_32_BIT_CONVERSION = YES;
				GCC_WARN_ABOUT_RETURN_TYPE = YES_ERROR;
				GCC_WARN_UNDECLARED_SELECTOR = YES;
				GCC_WARN_UNINITIALIZED_AUTOS = YES_AGGRESSIVE;
				GCC_WARN_UNUSED_FUNCTION = YES;
				GCC_WARN_UNUSED_VARIABLE = YES;
				IPHONEOS_DEPLOYMENT_TARGET = 15.0;
				MTL_ENABLE_DEBUG_INFO = NO;
				MTL_FAST_MATH = YES;
				SDKROOT = iphoneos;
				SWIFT_COMPILATION_MODE = wholemodule;
				SWIFT_OPTIMIZATION_LEVEL = "-O";
				VALIDATE_PRODUCT = YES;
			};
			name = Release;
		};
		AD4ED023270B902300B29009 /* Debug */ = {
			isa = XCBuildConfiguration;
			buildSettings = {
				ASSETCATALOG_COMPILER_APPICON_NAME = AppIcon;
				ASSETCATALOG_COMPILER_GLOBAL_ACCENT_COLOR_NAME = AccentColor;
				CODE_SIGN_STYLE = Automatic;
				CURRENT_PROJECT_VERSION = 1;
				DEVELOPMENT_ASSET_PATHS = "\"TaskAppCoreData/Preview Content\"";
				DEVELOPMENT_TEAM = P5G5J5RV2G;
				ENABLE_PREVIEWS = YES;
				GENERATE_INFOPLIST_FILE = YES;
				INFOPLIST_KEY_UIApplicationSceneManifest_Generation = YES;
				INFOPLIST_KEY_UIApplicationSupportsIndirectInputEvents = YES;
				INFOPLIST_KEY_UILaunchScreen_Generation = YES;
				INFOPLIST_KEY_UISupportedInterfaceOrientations_iPad = "UIInterfaceOrientationPortrait UIInterfaceOrientationPortraitUpsideDown UIInterfaceOrientationLandscapeLeft UIInterfaceOrientationLandscapeRight";
				INFOPLIST_KEY_UISupportedInterfaceOrientations_iPhone = "UIInterfaceOrientationPortrait UIInterfaceOrientationLandscapeLeft UIInterfaceOrientationLandscapeRight";
				IPHONEOS_DEPLOYMENT_TARGET = 14.0;
				LD_RUNPATH_SEARCH_PATHS = (
					"$(inherited)",
					"@executable_path/Frameworks",
				);
				MARKETING_VERSION = 1.0;
				PRODUCT_BUNDLE_IDENTIFIER = com.tund.TaskAppCoreData;
				PRODUCT_NAME = "$(TARGET_NAME)";
				SWIFT_EMIT_LOC_STRINGS = YES;
				SWIFT_VERSION = 5.0;
				TARGETED_DEVICE_FAMILY = "1,2";
			};
			name = Debug;
		};
		AD4ED024270B902300B29009 /* Release */ = {
			isa = XCBuildConfiguration;
			buildSettings = {
				ASSETCATALOG_COMPILER_APPICON_NAME = AppIcon;
				ASSETCATALOG_COMPILER_GLOBAL_ACCENT_COLOR_NAME = AccentColor;
				CODE_SIGN_STYLE = Automatic;
				CURRENT_PROJECT_VERSION = 1;
				DEVELOPMENT_ASSET_PATHS = "\"TaskAppCoreData/Preview Content\"";
				DEVELOPMENT_TEAM = P5G5J5RV2G;
				ENABLE_PREVIEWS = YES;
				GENERATE_INFOPLIST_FILE = YES;
				INFOPLIST_KEY_UIApplicationSceneManifest_Generation = YES;
				INFOPLIST_KEY_UIApplicationSupportsIndirectInputEvents = YES;
				INFOPLIST_KEY_UILaunchScreen_Generation = YES;
				INFOPLIST_KEY_UISupportedInterfaceOrientations_iPad = "UIInterfaceOrientationPortrait UIInterfaceOrientationPortraitUpsideDown UIInterfaceOrientationLandscapeLeft UIInterfaceOrientationLandscapeRight";
				INFOPLIST_KEY_UISupportedInterfaceOrientations_iPhone = "UIInterfaceOrientationPortrait UIInterfaceOrientationLandscapeLeft UIInterfaceOrientationLandscapeRight";
				IPHONEOS_DEPLOYMENT_TARGET = 14.0;
				LD_RUNPATH_SEARCH_PATHS = (
					"$(inherited)",
					"@executable_path/Frameworks",
				);
				MARKETING_VERSION = 1.0;
				PRODUCT_BUNDLE_IDENTIFIER = com.tund.TaskAppCoreData;
				PRODUCT_NAME = "$(TARGET_NAME)";
				SWIFT_EMIT_LOC_STRINGS = YES;
				SWIFT_VERSION = 5.0;
				TARGETED_DEVICE_FAMILY = "1,2";
			};
			name = Release;
		};
/* End XCBuildConfiguration section */

/* Begin XCConfigurationList section */
		AD4ED00A270B901E00B29009 /* Build configuration list for PBXProject "TaskAppCoreData" */ = {
			isa = XCConfigurationList;
			buildConfigurations = (
				AD4ED020270B902300B29009 /* Debug */,
				AD4ED021270B902300B29009 /* Release */,
			);
			defaultConfigurationIsVisible = 0;
			defaultConfigurationName = Release;
		};
		AD4ED022270B902300B29009 /* Build configuration list for PBXNativeTarget "TaskAppCoreData" */ = {
			isa = XCConfigurationList;
			buildConfigurations = (
				AD4ED023270B902300B29009 /* Debug */,
				AD4ED024270B902300B29009 /* Release */,
			);
			defaultConfigurationIsVisible = 0;
			defaultConfigurationName = Release;
		};
/* End XCConfigurationList section */

/* Begin XCVersionGroup section */
		AD4ED01D270B902300B29009 /* TaskAppCoreData.xcdatamodeld */ = {
			isa = XCVersionGroup;
			children = (
				AD4ED01E270B902300B29009 /* TaskAppCoreData.xcdatamodel */,
			);
			currentVersion = AD4ED01E270B902300B29009 /* TaskAppCoreData.xcdatamodel */;
			path = TaskAppCoreData.xcdatamodeld;
			sourceTree = "<group>";
			versionGroupType = wrapper.xcdatamodel;
		};
/* End XCVersionGroup section */
	};
	rootObject = AD4ED007270B901E00B29009 /* Project object */;
}
